
Microsoft Visual Studio Solution File, Format Version 12.00
# Visual Studio Version 17
VisualStudioVersion = 17.14.36310.24
MinimumVisualStudioVersion = 10.0.40219.1
Project("{FAE04EC0-301F-11D3-BF4B-00C04F79EFBC}") = "PaginationApi", "PaginationApi.csproj", "{6E75E763-2BE1-5558-0525-9AF5F3E661F7}"
EndProject
Project("{FAE04EC0-301F-11D3-BF4B-00C04F79EFBC}") = "backEndDbConnection", "..\backEndDbConnection\backEndDbConnection.csproj", "{462C65E5-C503-445F-89AF-D00AF391F11B}"
EndProject
Global
	GlobalSection(SolutionConfigurationPlatforms) = preSolution
		Debug|Any CPU = Debug|Any CPU
		Release|Any CPU = Release|Any CPU
	EndGlobalSection
	GlobalSection(ProjectConfigurationPlatforms) = postSolution
		{6E75E763-2BE1-5558-0525-9AF5F3E661F7}.Debug|Any CPU.ActiveCfg = Debug|Any CPU
		{6E75E763-2BE1-5558-0525-9AF5F3E661F7}.Debug|Any CPU.Build.0 = Debug|Any CPU
		{6E75E763-2BE1-5558-0525-9AF5F3E661F7}.Release|Any CPU.ActiveCfg = Release|Any CPU
		{6E75E763-2BE1-5558-0525-9AF5F3E661F7}.Release|Any CPU.Build.0 = Release|Any CPU
		{462C65E5-C503-445F-89AF-D00AF391F11B}.Debug|Any CPU.ActiveCfg = Debug|Any CPU
		{462C65E5-C503-445F-89AF-D00AF391F11B}.Debug|Any CPU.Build.0 = Debug|Any CPU
		{462C65E5-C503-445F-89AF-D00AF391F11B}.Release|Any CPU.ActiveCfg = Release|Any CPU
		{462C65E5-C503-445F-89AF-D00AF391F11B}.Release|Any CPU.Build.0 = Release|Any CPU
	EndGlobalSection
	GlobalSection(SolutionProperties) = preSolution
		HideSolutionNode = FALSE
	EndGlobalSection
	GlobalSection(ExtensibilityGlobals) = postSolution
		SolutionGuid = {09C7416D-7372-4D39-B367-18F61403D053}
	EndGlobalSection
EndGlobal
